
Microsoft Visual Studio Solution File, Format Version 12.00
# Visual Studio Version 17
VisualStudioVersion = 17.8.34322.80
MinimumVisualStudioVersion = 10.0.40219.1
Project("{9A19103F-16F7-4668-BE54-9A1E7A4F7556}") = "BeatHopEditor", "BeatHopEditor\BeatHopEditor.csproj", "{862CF4E6-05D0-4385-A6B1-DBD9EADEBB07}"
EndProject
Global
	GlobalSection(SolutionConfigurationPlatforms) = preSolution
		Debug|Any CPU = Debug|Any CPU
		Debug|x64 = Debug|x64
		Release|Any CPU = Release|Any CPU
		Release|x64 = Release|x64
	EndGlobalSection
	GlobalSection(ProjectConfigurationPlatforms) = postSolution
		{862CF4E6-05D0-4385-A6B1-DBD9EADEBB07}.Debug|Any CPU.ActiveCfg = Debug|x64
		{862CF4E6-05D0-4385-A6B1-DBD9EADEBB07}.Debug|Any CPU.Build.0 = Debug|x64
		{862CF4E6-05D0-4385-A6B1-DBD9EADEBB07}.Debug|x64.ActiveCfg = Debug|x64
		{862CF4E6-05D0-4385-A6B1-DBD9EADEBB07}.Debug|x64.Build.0 = Debug|x64
		{862CF4E6-05D0-4385-A6B1-DBD9EADEBB07}.Release|Any CPU.ActiveCfg = Release|Any CPU
		{862CF4E6-05D0-4385-A6B1-DBD9EADEBB07}.Release|Any CPU.Build.0 = Release|Any CPU
		{862CF4E6-05D0-4385-A6B1-DBD9EADEBB07}.Release|x64.ActiveCfg = Release|x64
		{862CF4E6-05D0-4385-A6B1-DBD9EADEBB07}.Release|x64.Build.0 = Release|x64
	EndGlobalSection
	GlobalSection(SolutionProperties) = preSolution
		HideSolutionNode = FALSE
	EndGlobalSection
	GlobalSection(ExtensibilityGlobals) = postSolution
		SolutionGuid = {DEFE2004-F2B5-412D-97B5-19B92BF194D3}
	EndGlobalSection
EndGlobal
